
Microsoft Visual Studio Solution File, Format Version 12.00
# Visual Studio 15
VisualStudioVersion = 15.0.28307.1062
MinimumVisualStudioVersion = 10.0.40219.1
Project("{FAE04EC0-301F-11D3-BF4B-00C04F79EFBC}") = "Exercise02", "Exercise02\Exercise02.csproj", "{AB67FE21-27D3-4E3E-9C06-95B787FB6C61}"
EndProject
Global
	GlobalSection(SolutionConfigurationPlatforms) = preSolution
		Debug|Any CPU = Debug|Any CPU
		Release|Any CPU = Release|Any CPU
	EndGlobalSection
	GlobalSection(ProjectConfigurationPlatforms) = postSolution
		{AB67FE21-27D3-4E3E-9C06-95B787FB6C61}.Debug|Any CPU.ActiveCfg = Debug|Any CPU
		{AB67FE21-27D3-4E3E-9C06-95B787FB6C61}.Debug|Any CPU.Build.0 = Debug|Any CPU
		{AB67FE21-27D3-4E3E-9C06-95B787FB6C61}.Release|Any CPU.ActiveCfg = Release|Any CPU
		{AB67FE21-27D3-4E3E-9C06-95B787FB6C61}.Release|Any CPU.Build.0 = Release|Any CPU
	EndGlobalSection
	GlobalSection(SolutionProperties) = preSolution
		HideSolutionNode = FALSE
	EndGlobalSection
	GlobalSection(ExtensibilityGlobals) = postSolution
		SolutionGuid = {742CC981-92E2-4320-93E7-67F59F24FD06}
	EndGlobalSection
EndGlobal
